// !$*UTF8*$!
{
	archiveVersion = 1;
	classes = {
	};
	objectVersion = 50;
	objects = {

/* Begin PBXBuildFile section */
		CF7B5775269B26DF004213FC /* AppDelegate.swift in Sources */ = {isa = PBXBuildFile; fileRef = CF7B5774269B26DF004213FC /* AppDelegate.swift */; };
		CF7B5777269B26DF004213FC /* SceneDelegate.swift in Sources */ = {isa = PBXBuildFile; fileRef = CF7B5776269B26DF004213FC /* SceneDelegate.swift */; };
		CF7B5779269B26DF004213FC /* ViewController.swift in Sources */ = {isa = PBXBuildFile; fileRef = CF7B5778269B26DF004213FC /* ViewController.swift */; };
		CF7B577C269B26DF004213FC /* Main.storyboard in Resources */ = {isa = PBXBuildFile; fileRef = CF7B577A269B26DF004213FC /* Main.storyboard */; };
		CF7B577F269B26DF004213FC /* CoreDataToDoApp.xcdatamodeld in Sources */ = {isa = PBXBuildFile; fileRef = CF7B577D269B26DF004213FC /* CoreDataToDoApp.xcdatamodeld */; };
		CF7B5781269B26E2004213FC /* Assets.xcassets in Resources */ = {isa = PBXBuildFile; fileRef = CF7B5780269B26E2004213FC /* Assets.xcassets */; };
		CF7B5784269B26E2004213FC /* LaunchScreen.storyboard in Resources */ = {isa = PBXBuildFile; fileRef = CF7B5782269B26E2004213FC /* LaunchScreen.storyboard */; };
/* End PBXBuildFile section */

/* Begin PBXFileReference section */
		CF7B5771269B26DF004213FC /* CoreDataToDoApp.app */ = {isa = PBXFileReference; explicitFileType = wrapper.application; includeInIndex = 0; path = CoreDataToDoApp.app; sourceTree = BUILT_PRODUCTS_DIR; };
		CF7B5774269B26DF004213FC /* AppDelegate.swift */ = {isa = PBXFileReference; lastKnownFileType = sourcecode.swift; path = AppDelegate.swift; sourceTree = "<group>"; };
		CF7B5776269B26DF004213FC /* SceneDelegate.swift */ = {isa = PBXFileReference; lastKnownFileType = sourcecode.swift; path = SceneDelegate.swift; sourceTree = "<group>"; };
		CF7B5778269B26DF004213FC /* ViewController.swift */ = {isa = PBXFileReference; lastKnownFileType = sourcecode.swift; path = ViewController.swift; sourceTree = "<group>"; };
		CF7B577B269B26DF004213FC /* Base */ = {isa = PBXFileReference; lastKnownFileType = file.storyboard; name = Base; path = Base.lproj/Main.storyboard; sourceTree = "<group>"; };
		CF7B577E269B26DF004213FC /* CoreDataToDoApp.xcdatamodel */ = {isa = PBXFileReference; lastKnownFileType = wrapper.xcdatamodel; path = CoreDataToDoApp.xcdatamodel; sourceTree = "<group>"; };
		CF7B5780269B26E2004213FC /* Assets.xcassets */ = {isa = PBXFileReference; lastKnownFileType = folder.assetcatalog; path = Assets.xcassets; sourceTree = "<group>"; };
		CF7B5783269B26E2004213FC /* Base */ = {isa = PBXFileReference; lastKnownFileType = file.storyboard; name = Base; path = Base.lproj/LaunchScreen.storyboard; sourceTree = "<group>"; };
		CF7B5785269B26E2004213FC /* Info.plist */ = {isa = PBXFileReference; lastKnownFileType = text.plist.xml; path = Info.plist; sourceTree = "<group>"; };
/* End PBXFileReference section */

/* Begin PBXFrameworksBuildPhase section */
		CF7B576E269B26DF004213FC /* Frameworks */ = {
			isa = PBXFrameworksBuildPhase;
			buildActionMask = 2147483647;
			files = (
			);
			runOnlyForDeploymentPostprocessing = 0;
		};
/* End PBXFrameworksBuildPhase section */

/* Begin PBXGroup section */
		CF7B5768269B26DF004213FC = {
			isa = PBXGroup;
			children = (
				CF7B5773269B26DF004213FC /* CoreDataToDoApp */,
				CF7B5772269B26DF004213FC /* Products */,
			);
			sourceTree = "<group>";
		};
		CF7B5772269B26DF004213FC /* Products */ = {
			isa = PBXGroup;
			children = (
				CF7B5771269B26DF004213FC /* CoreDataToDoApp.app */,
			);
			name = Products;
			sourceTree = "<group>";
		};
		CF7B5773269B26DF004213FC /* CoreDataToDoApp */ = {
			isa = PBXGroup;
			children = (
				CF7B5774269B26DF004213FC /* AppDelegate.swift */,
				CF7B5776269B26DF004213FC /* SceneDelegate.swift */,
				CF7B5778269B26DF004213FC /* ViewController.swift */,
				CF7B577A269B26DF004213FC /* Main.storyboard */,
				CF7B5780269B26E2004213FC /* Assets.xcassets */,
				CF7B5782269B26E2004213FC /* LaunchScreen.storyboard */,
				CF7B5785269B26E2004213FC /* Info.plist */,
				CF7B577D269B26DF004213FC /* CoreDataToDoApp.xcdatamodeld */,
			);
			path = CoreDataToDoApp;
			sourceTree = "<group>";
		};
/* End PBXGroup section */

/* Begin PBXNativeTarget section */
		CF7B5770269B26DF004213FC /* CoreDataToDoApp */ = {
			isa = PBXNativeTarget;
			buildConfigurationList = CF7B5788269B26E2004213FC /* Build configuration list for PBXNativeTarget "CoreDataToDoApp" */;
			buildPhases = (
				CF7B576D269B26DF004213FC /* Sources */,
				CF7B576E269B26DF004213FC /* Frameworks */,
				CF7B576F269B26DF004213FC /* Resources */,
			);
			buildRules = (
			);
			dependencies = (
			);
			name = CoreDataToDoApp;
			productName = CoreDataToDoApp;
			productReference = CF7B5771269B26DF004213FC /* CoreDataToDoApp.app */;
			productType = "com.apple.product-type.application";
		};
/* End PBXNativeTarget section */

/* Begin PBXProject section */
		CF7B5769269B26DF004213FC /* Project object */ = {
			isa = PBXProject;
			attributes = {
				LastSwiftUpdateCheck = 1250;
				LastUpgradeCheck = 1250;
				TargetAttributes = {
					CF7B5770269B26DF004213FC = {
						CreatedOnToolsVersion = 12.5;
					};
				};
			};
			buildConfigurationList = CF7B576C269B26DF004213FC /* Build configuration list for PBXProject "CoreDataToDoApp" */;
			compatibilityVersion = "Xcode 9.3";
			developmentRegion = en;
			hasScannedForEncodings = 0;
			knownRegions = (
				en,
				Base,
			);
			mainGroup = CF7B5768269B26DF004213FC;
			productRefGroup = CF7B5772269B26DF004213FC /* Products */;
			projectDirPath = "";
			projectRoot = "";
			targets = (
				CF7B5770269B26DF004213FC /* CoreDataToDoApp */,
			);
		};
/* End PBXProject section */

/* Begin PBXResourcesBuildPhase section */
		CF7B576F269B26DF004213FC /* Resources */ = {
			isa = PBXResourcesBuildPhase;
			buildActionMask = 2147483647;
			files = (
				CF7B5784269B26E2004213FC /* LaunchScreen.storyboard in Resources */,
				CF7B5781269B26E2004213FC /* Assets.xcassets in Resources */,
				CF7B577C269B26DF004213FC /* Main.storyboard in Resources */,
			);
			runOnlyForDeploymentPostprocessing = 0;
		};
/* End PBXResourcesBuildPhase section */

/* Begin PBXSourcesBuildPhase section */
		CF7B576D269B26DF004213FC /* Sources */ = {
			isa = PBXSourcesBuildPhase;
			buildActionMask = 2147483647;
			files = (
				CF7B5779269B26DF004213FC /* ViewController.swift in Sources */,
				CF7B5775269B26DF004213FC /* AppDelegate.swift in Sources */,
				CF7B577F269B26DF004213FC /* CoreDataToDoApp.xcdatamodeld in Sources */,
				CF7B5777269B26DF004213FC /* SceneDelegate.swift in Sources */,
			);
			runOnlyForDeploymentPostprocessing = 0;
		};
/* End PBXSourcesBuildPhase section */

/* Begin PBXVariantGroup section */
		CF7B577A269B26DF004213FC /* Main.storyboard */ = {
			isa = PBXVariantGroup;
			children = (
				CF7B577B269B26DF004213FC /* Base */,
			);
			name = Main.storyboard;
			sourceTree = "<group>";
		};
		CF7B5782269B26E2004213FC /* LaunchScreen.storyboard */ = {
			isa = PBXVariantGroup;
			children = (
				CF7B5783269B26E2004213FC /* Base */,
			);
			name = LaunchScreen.storyboard;
			sourceTree = "<group>";
		};
/* End PBXVariantGroup section */

/* Begin XCBuildConfiguration section */
		CF7B5786269B26E2004213FC /* Debug */ = {
			isa = XCBuildConfiguration;
			buildSettings = {
				ALWAYS_SEARCH_USER_PATHS = NO;
				CLANG_ANALYZER_NONNULL = YES;
				CLANG_ANALYZER_NUMBER_OBJECT_CONVERSION = YES_AGGRESSIVE;
				CLANG_CXX_LANGUAGE_STANDARD = "gnu++14";
				CLANG_CXX_LIBRARY = "libc++";
				CLANG_ENABLE_MODULES = YES;
				CLANG_ENABLE_OBJC_ARC = YES;
				CLANG_ENABLE_OBJC_WEAK = YES;
				CLANG_WARN_BLOCK_CAPTURE_AUTORELEASING = YES;
				CLANG_WARN_BOOL_CONVERSION = YES;
				CLANG_WARN_COMMA = YES;
				CLANG_WARN_CONSTANT_CONVERSION = YES;
				CLANG_WARN_DEPRECATED_OBJC_IMPLEMENTATIONS = YES;
				CLANG_WARN_DIRECT_OBJC_ISA_USAGE = YES_ERROR;
				CLANG_WARN_DOCUMENTATION_COMMENTS = YES;
				CLANG_WARN_EMPTY_BODY = YES;
				CLANG_WARN_ENUM_CONVERSION = YES;
				CLANG_WARN_INFINITE_RECURSION = YES;
				CLANG_WARN_INT_CONVERSION = YES;
				CLANG_WARN_NON_LITERAL_NULL_CONVERSION = YES;
				CLANG_WARN_OBJC_IMPLICIT_RETAIN_SELF = YES;
				CLANG_WARN_OBJC_LITERAL_CONVERSION = YES;
				CLANG_WARN_OBJC_ROOT_CLASS = YES_ERROR;
				CLANG_WARN_QUOTED_INCLUDE_IN_FRAMEWORK_HEADER = YES;
				CLANG_WARN_RANGE_LOOP_ANALYSIS = YES;
				CLANG_WARN_STRICT_PROTOTYPES = YES;
				CLANG_WARN_SUSPICIOUS_MOVE = YES;
				CLANG_WARN_UNGUARDED_AVAILABILITY = YES_AGGRESSIVE;
				CLANG_WARN_UNREACHABLE_CODE = YES;
				CLANG_WARN__DUPLICATE_METHOD_MATCH = YES;
				COPY_PHASE_STRIP = NO;
				DEBUG_INFORMATION_FORMAT = dwarf;
				ENABLE_STRICT_OBJC_MSGSEND = YES;
				ENABLE_TESTABILITY = YES;
				GCC_C_LANGUAGE_STANDARD = gnu11;
				GCC_DYNAMIC_NO_PIC = NO;
				GCC_NO_COMMON_BLOCKS = YES;
				GCC_OPTIMIZATION_LEVEL = 0;
				GCC_PREPROCESSOR_DEFINITIONS = (
					"DEBUG=1",
					"$(inherited)",
				);
				GCC_WARN_64_TO_32_BIT_CONVERSION = YES;
				GCC_WARN_ABOUT_RETURN_TYPE = YES_ERROR;
				GCC_WARN_UNDECLARED_SELECTOR = YES;
				GCC_WARN_UNINITIALIZED_AUTOS = YES_AGGRESSIVE;
				GCC_WARN_UNUSED_FUNCTION = YES;
				GCC_WARN_UNUSED_VARIABLE = YES;
				IPHONEOS_DEPLOYMENT_TARGET = 14.5;
				MTL_ENABLE_DEBUG_INFO = INCLUDE_SOURCE;
				MTL_FAST_MATH = YES;
				ONLY_ACTIVE_ARCH = YES;
				SDKROOT = iphoneos;
				SWIFT_ACTIVE_COMPILATION_CONDITIONS = DEBUG;
				SWIFT_OPTIMIZATION_LEVEL = "-Onone";
			};
			name = Debug;
		};
		CF7B5787269B26E2004213FC /* Release */ = {
			isa = XCBuildConfiguration;
			buildSettings = {
				ALWAYS_SEARCH_USER_PATHS = NO;
				CLANG_ANALYZER_NONNULL = YES;
				CLANG_ANALYZER_NUMBER_OBJECT_CONVERSION = YES_AGGRESSIVE;
				CLANG_CXX_LANGUAGE_STANDARD = "gnu++14";
				CLANG_CXX_LIBRARY = "libc++";
				CLANG_ENABLE_MODULES = YES;
				CLANG_ENABLE_OBJC_ARC = YES;
				CLANG_ENABLE_OBJC_WEAK = YES;
				CLANG_WARN_BLOCK_CAPTURE_AUTORELEASING = YES;
				CLANG_WARN_BOOL_CONVERSION = YES;
				CLANG_WARN_COMMA = YES;
				CLANG_WARN_CONSTANT_CONVERSION = YES;
				CLANG_WARN_DEPRECATED_OBJC_IMPLEMENTATIONS = YES;
				CLANG_WARN_DIRECT_OBJC_ISA_USAGE = YES_ERROR;
				CLANG_WARN_DOCUMENTATION_COMMENTS = YES;
				CLANG_WARN_EMPTY_BODY = YES;
				CLANG_WARN_ENUM_CONVERSION = YES;
				CLANG_WARN_INFINITE_RECURSION = YES;
				CLANG_WARN_INT_CONVERSION = YES;
				CLANG_WARN_NON_LITERAL_NULL_CONVERSION = YES;
				CLANG_WARN_OBJC_IMPLICIT_RETAIN_SELF = YES;
				CLANG_WARN_OBJC_LITERAL_CONVERSION = YES;
				CLANG_WARN_OBJC_ROOT_CLASS = YES_ERROR;
				CLANG_WARN_QUOTED_INCLUDE_IN_FRAMEWORK_HEADER = YES;
				CLANG_WARN_RANGE_LOOP_ANALYSIS = YES;
				CLANG_WARN_STRICT_PROTOTYPES = YES;
				CLANG_WARN_SUSPICIOUS_MOVE = YES;
				CLANG_WARN_UNGUARDED_AVAILABILITY = YES_AGGRESSIVE;
				CLANG_WARN_UNREACHABLE_CODE = YES;
				CLANG_WARN__DUPLICATE_METHOD_MATCH = YES;
				COPY_PHASE_STRIP = NO;
				DEBUG_INFORMATION_FORMAT = "dwarf-with-dsym";
				ENABLE_NS_ASSERTIONS = NO;
				ENABLE_STRICT_OBJC_MSGSEND = YES;
				GCC_C_LANGUAGE_STANDARD = gnu11;
				GCC_NO_COMMON_BLOCKS = YES;
				GCC_WARN_64_TO_32_BIT_CONVERSION = YES;
				GCC_WARN_ABOUT_RETURN_TYPE = YES_ERROR;
				GCC_WARN_UNDECLARED_SELECTOR = YES;
				GCC_WARN_UNINITIALIZED_AUTOS = YES_AGGRESSIVE;
				GCC_WARN_UNUSED_FUNCTION = YES;
				GCC_WARN_UNUSED_VARIABLE = YES;
				IPHONEOS_DEPLOYMENT_TARGET = 14.5;
				MTL_ENABLE_DEBUG_INFO = NO;
				MTL_FAST_MATH = YES;
				SDKROOT = iphoneos;
				SWIFT_COMPILATION_MODE = wholemodule;
				SWIFT_OPTIMIZATION_LEVEL = "-O";
				VALIDATE_PRODUCT = YES;
			};
			name = Release;
		};
		CF7B5789269B26E2004213FC /* Debug */ = {
			isa = XCBuildConfiguration;
			buildSettings = {
				ASSETCATALOG_COMPILER_APPICON_NAME = AppIcon;
				ASSETCATALOG_COMPILER_GLOBAL_ACCENT_COLOR_NAME = AccentColor;
				CODE_SIGN_STYLE = Automatic;
				DEVELOPMENT_TEAM = XS2R7967QT;
				INFOPLIST_FILE = CoreDataToDoApp/Info.plist;
				LD_RUNPATH_SEARCH_PATHS = (
					"$(inherited)",
					"@executable_path/Frameworks",
				);
				PRODUCT_BUNDLE_IDENTIFIER = cow.iwaski.CoreDataToDoApp;
				PRODUCT_NAME = "$(TARGET_NAME)";
				SWIFT_VERSION = 5.0;
				TARGETED_DEVICE_FAMILY = "1,2";
			};
			name = Debug;
		};
		CF7B578A269B26E2004213FC /* Release */ = {
			isa = XCBuildConfiguration;
			buildSettings = {
				ASSETCATALOG_COMPILER_APPICON_NAME = AppIcon;
				ASSETCATALOG_COMPILER_GLOBAL_ACCENT_COLOR_NAME = AccentColor;
				CODE_SIGN_STYLE = Automatic;
				DEVELOPMENT_TEAM = XS2R7967QT;
				INFOPLIST_FILE = CoreDataToDoApp/Info.plist;
				LD_RUNPATH_SEARCH_PATHS = (
					"$(inherited)",
					"@executable_path/Frameworks",
				);
				PRODUCT_BUNDLE_IDENTIFIER = cow.iwaski.CoreDataToDoApp;
				PRODUCT_NAME = "$(TARGET_NAME)";
				SWIFT_VERSION = 5.0;
				TARGETED_DEVICE_FAMILY = "1,2";
			};
			name = Release;
		};
/* End XCBuildConfiguration section */

/* Begin XCConfigurationList section */
		CF7B576C269B26DF004213FC /* Build configuration list for PBXProject "CoreDataToDoApp" */ = {
			isa = XCConfigurationList;
			buildConfigurations = (
				CF7B5786269B26E2004213FC /* Debug */,
				CF7B5787269B26E2004213FC /* Release */,
			);
			defaultConfigurationIsVisible = 0;
			defaultConfigurationName = Release;
		};
		CF7B5788269B26E2004213FC /* Build configuration list for PBXNativeTarget "CoreDataToDoApp" */ = {
			isa = XCConfigurationList;
			buildConfigurations = (
				CF7B5789269B26E2004213FC /* Debug */,
				CF7B578A269B26E2004213FC /* Release */,
			);
			defaultConfigurationIsVisible = 0;
			defaultConfigurationName = Release;
		};
/* End XCConfigurationList section */

/* Begin XCVersionGroup section */
		CF7B577D269B26DF004213FC /* CoreDataToDoApp.xcdatamodeld */ = {
			isa = XCVersionGroup;
			children = (
				CF7B577E269B26DF004213FC /* CoreDataToDoApp.xcdatamodel */,
			);
			currentVersion = CF7B577E269B26DF004213FC /* CoreDataToDoApp.xcdatamodel */;
			path = CoreDataToDoApp.xcdatamodeld;
			sourceTree = "<group>";
			versionGroupType = wrapper.xcdatamodel;
		};
/* End XCVersionGroup section */
	};
	rootObject = CF7B5769269B26DF004213FC /* Project object */;
}
